PODS:
  - apivideo_live_stream (0.0.1):
    - ApiVideoHaishinKit (= 1.2.3.1)
    - Flutter
  - ApiVideoHaishinKit (1.2.3.1):
    - Logboard (~> 2.2.2)
  - Flutter (1.0.0)
  - flutter_vlc_player (3.0.3):
    - Flutter
    - MobileVLCKit (~> 3.4)
  - Logboard (2.2.3)
  - MobileVLCKit (3.4.0)
  - native_device_orientation (0.0.1):
    - Flutter

DEPENDENCIES:
  - apivideo_live_stream (from `.symlinks/plugins/apivideo_live_stream/ios`)
  - Flutter (from `Flutter`)
  - flutter_vlc_player (from `.symlinks/plugins/flutter_vlc_player/ios`)
  - native_device_orientation (from `.symlinks/plugins/native_device_orientation/ios`)

SPEC REPOS:
  trunk:
    - ApiVideoHaishinKit
    - Logboard
    - MobileVLCKit

EXTERNAL SOURCES:
  apivideo_live_stream:
    :path: ".symlinks/plugins/apivideo_live_stream/ios"
  Flutter:
    :path: Flutter
  flutter_vlc_player:
    :path: ".symlinks/plugins/flutter_vlc_player/ios"
  native_device_orientation:
    :path: ".symlinks/plugins/native_device_orientation/ios"

SPEC CHECKSUMS:
  apivideo_live_stream: 574f281f1503bd06aa6c13750b14770349829f96
  ApiVideoHaishinKit: 80dae6bff814dee29ef93761a2f8f9d35940de8a
  Flutter: 50d75fe2f02b26cc09d224853bb45737f8b3214a
  flutter_vlc_player: a0bd756da5d2456f6d26963976616185a65ec677
  Logboard: 0e2d8fb451aa16169825dc73d2b75a3090fabc0d
  MobileVLCKit: 20ccee43f7788a94ea1f67179e33d9600779dfd9
  native_device_orientation: 3b4cfc9565a7b879cc4fde282b3e27745e852d0d

PODFILE CHECKSUM: a75497545d4391e2d394c3668e20cfb1c2bbd4aa

COCOAPODS: 1.11.3
